
Microsoft Visual Studio Solution File, Format Version 12.00
# Visual Studio Version 16
VisualStudioVersion = 16.0.29230.47
MinimumVisualStudioVersion = 10.0.40219.1
Project("{FAE04EC0-301F-11D3-BF4B-00C04F79EFBC}") = "RobertRace", "RobertRace\RobertRace.csproj", "{6ADC022C-C3BD-44D0-BD60-44FE25771DC5}"
EndProject
Global
	GlobalSection(SolutionConfigurationPlatforms) = preSolution
		Debug|Any CPU = Debug|Any CPU
		Release|Any CPU = Release|Any CPU
	EndGlobalSection
	GlobalSection(ProjectConfigurationPlatforms) = postSolution
		{6ADC022C-C3BD-44D0-BD60-44FE25771DC5}.Debug|Any CPU.ActiveCfg = Debug|Any CPU
		{6ADC022C-C3BD-44D0-BD60-44FE25771DC5}.Debug|Any CPU.Build.0 = Debug|Any CPU
		{6ADC022C-C3BD-44D0-BD60-44FE25771DC5}.Release|Any CPU.ActiveCfg = Release|Any CPU
		{6ADC022C-C3BD-44D0-BD60-44FE25771DC5}.Release|Any CPU.Build.0 = Release|Any CPU
	EndGlobalSection
	GlobalSection(SolutionProperties) = preSolution
		HideSolutionNode = FALSE
	EndGlobalSection
	GlobalSection(ExtensibilityGlobals) = postSolution
		SolutionGuid = {EE53D815-9F3C-4DFE-8FCA-EA4950E6D5BF}
	EndGlobalSection
EndGlobal
